// !$*UTF8*$!
{
	archiveVersion = 1;
	classes = {
	};
	objectVersion = 46;
	objects = {

/* Begin PBXBuildFile section */
		336125A21C278E4C00B2F492 /* AppDelegate.swift in Sources */ = {isa = PBXBuildFile; fileRef = 336125A11C278E4C00B2F492 /* AppDelegate.swift */; };
		336125A71C278E4C00B2F492 /* Main.storyboard in Resources */ = {isa = PBXBuildFile; fileRef = 336125A51C278E4C00B2F492 /* Main.storyboard */; };
		336125A91C278E4C00B2F492 /* Images.xcassets in Resources */ = {isa = PBXBuildFile; fileRef = 336125A81C278E4C00B2F492 /* Images.xcassets */; };
		336125AC1C278E4C00B2F492 /* LaunchScreen.xib in Resources */ = {isa = PBXBuildFile; fileRef = 336125AA1C278E4C00B2F492 /* LaunchScreen.xib */; };
		336125CC1C278EDF00B2F492 /* ResearchViewController.swift in Sources */ = {isa = PBXBuildFile; fileRef = 336125CB1C278EDF00B2F492 /* ResearchViewController.swift */; };
		336125D01C27907300B2F492 /* SurveyTask.swift in Sources */ = {isa = PBXBuildFile; fileRef = 336125CF1C27907300B2F492 /* SurveyTask.swift */; };
		336125D31C2790E300B2F492 /* ConsentTask.swift in Sources */ = {isa = PBXBuildFile; fileRef = 336125D21C2790E300B2F492 /* ConsentTask.swift */; };
		336125D51C27911300B2F492 /* ConsentDocument.swift in Sources */ = {isa = PBXBuildFile; fileRef = 336125D41C27911300B2F492 /* ConsentDocument.swift */; };
/* End PBXBuildFile section */

/* Begin PBXContainerItemProxy section */
		336125C71C278E7600B2F492 /* PBXContainerItemProxy */ = {
			isa = PBXContainerItemProxy;
			containerPortal = 336125C11C278E7600B2F492 /* ResearchKit.xcodeproj */;
			proxyType = 2;
			remoteGlobalIDString = B183A5951A8535D100C76870;
			remoteInfo = ResearchKit;
		};
		336125C91C278E7600B2F492 /* PBXContainerItemProxy */ = {
			isa = PBXContainerItemProxy;
			containerPortal = 336125C11C278E7600B2F492 /* ResearchKit.xcodeproj */;
			proxyType = 2;
			remoteGlobalIDString = 86CC8E9A1AC09332001CCD89;
			remoteInfo = ResearchKitTests;
		};
/* End PBXContainerItemProxy section */

/* Begin PBXFileReference section */
		3361259C1C278E4C00B2F492 /* WavyleafResearch.app */ = {isa = PBXFileReference; explicitFileType = wrapper.application; includeInIndex = 0; path = WavyleafResearch.app; sourceTree = BUILT_PRODUCTS_DIR; };
		336125A01C278E4C00B2F492 /* Info.plist */ = {isa = PBXFileReference; lastKnownFileType = text.plist.xml; path = Info.plist; sourceTree = "<group>"; };
		336125A11C278E4C00B2F492 /* AppDelegate.swift */ = {isa = PBXFileReference; lastKnownFileType = sourcecode.swift; path = AppDelegate.swift; sourceTree = "<group>"; };
		336125A61C278E4C00B2F492 /* Base */ = {isa = PBXFileReference; lastKnownFileType = file.storyboard; name = Base; path = Base.lproj/Main.storyboard; sourceTree = "<group>"; };
		336125A81C278E4C00B2F492 /* Images.xcassets */ = {isa = PBXFileReference; lastKnownFileType = folder.assetcatalog; path = Images.xcassets; sourceTree = "<group>"; };
		336125AB1C278E4C00B2F492 /* Base */ = {isa = PBXFileReference; lastKnownFileType = file.xib; name = Base; path = Base.lproj/LaunchScreen.xib; sourceTree = "<group>"; };
		336125C11C278E7600B2F492 /* ResearchKit.xcodeproj */ = {isa = PBXFileReference; lastKnownFileType = "wrapper.pb-project"; name = ResearchKit.xcodeproj; path = "../../Downloads/ResearchKit-cb001e2f4e781740bc3a3c6dc494ddfbd97cffea/ResearchKit.xcodeproj"; sourceTree = "<group>"; };
		336125CB1C278EDF00B2F492 /* ResearchViewController.swift */ = {isa = PBXFileReference; fileEncoding = 4; lastKnownFileType = sourcecode.swift; path = ResearchViewController.swift; sourceTree = "<group>"; };
		336125CF1C27907300B2F492 /* SurveyTask.swift */ = {isa = PBXFileReference; fileEncoding = 4; lastKnownFileType = sourcecode.swift; path = SurveyTask.swift; sourceTree = "<group>"; };
		336125D21C2790E300B2F492 /* ConsentTask.swift */ = {isa = PBXFileReference; fileEncoding = 4; lastKnownFileType = sourcecode.swift; path = ConsentTask.swift; sourceTree = "<group>"; };
		336125D41C27911300B2F492 /* ConsentDocument.swift */ = {isa = PBXFileReference; fileEncoding = 4; lastKnownFileType = sourcecode.swift; path = ConsentDocument.swift; sourceTree = "<group>"; };
/* End PBXFileReference section */

/* Begin PBXFrameworksBuildPhase section */
		336125991C278E4C00B2F492 /* Frameworks */ = {
			isa = PBXFrameworksBuildPhase;
			buildActionMask = 2147483647;
			files = (
			);
			runOnlyForDeploymentPostprocessing = 0;
		};
/* End PBXFrameworksBuildPhase section */

/* Begin PBXGroup section */
		336125931C278E4C00B2F492 = {
			isa = PBXGroup;
			children = (
				336125C11C278E7600B2F492 /* ResearchKit.xcodeproj */,
				3361259E1C278E4C00B2F492 /* WavyleafResearch */,
				3361259D1C278E4C00B2F492 /* Products */,
			);
			sourceTree = "<group>";
		};
		3361259D1C278E4C00B2F492 /* Products */ = {
			isa = PBXGroup;
			children = (
				3361259C1C278E4C00B2F492 /* WavyleafResearch.app */,
			);
			name = Products;
			sourceTree = "<group>";
		};
		3361259E1C278E4C00B2F492 /* WavyleafResearch */ = {
			isa = PBXGroup;
			children = (
				336125D11C2790D200B2F492 /* Consent */,
				336125CE1C27905E00B2F492 /* Survey */,
				336125A11C278E4C00B2F492 /* AppDelegate.swift */,
				336125CB1C278EDF00B2F492 /* ResearchViewController.swift */,
				336125A51C278E4C00B2F492 /* Main.storyboard */,
				336125A81C278E4C00B2F492 /* Images.xcassets */,
				336125AA1C278E4C00B2F492 /* LaunchScreen.xib */,
				3361259F1C278E4C00B2F492 /* Supporting Files */,
			);
			path = WavyleafResearch;
			sourceTree = "<group>";
		};
		3361259F1C278E4C00B2F492 /* Supporting Files */ = {
			isa = PBXGroup;
			children = (
				336125A01C278E4C00B2F492 /* Info.plist */,
			);
			name = "Supporting Files";
			sourceTree = "<group>";
		};
		336125C21C278E7600B2F492 /* Products */ = {
			isa = PBXGroup;
			children = (
				336125C81C278E7600B2F492 /* ResearchKit.framework */,
				336125CA1C278E7600B2F492 /* ResearchKitTests.xctest */,
			);
			name = Products;
			sourceTree = "<group>";
		};
		336125CE1C27905E00B2F492 /* Survey */ = {
			isa = PBXGroup;
			children = (
				336125CF1C27907300B2F492 /* SurveyTask.swift */,
			);
			name = Survey;
			sourceTree = "<group>";
		};
		336125D11C2790D200B2F492 /* Consent */ = {
			isa = PBXGroup;
			children = (
				336125D21C2790E300B2F492 /* ConsentTask.swift */,
				336125D41C27911300B2F492 /* ConsentDocument.swift */,
			);
			name = Consent;
			sourceTree = "<group>";
		};
/* End PBXGroup section */

/* Begin PBXNativeTarget section */
		3361259B1C278E4C00B2F492 /* WavyleafResearch */ = {
			isa = PBXNativeTarget;
			buildConfigurationList = 336125BB1C278E4C00B2F492 /* Build configuration list for PBXNativeTarget "WavyleafResearch" */;
			buildPhases = (
				336125981C278E4C00B2F492 /* Sources */,
				336125991C278E4C00B2F492 /* Frameworks */,
				3361259A1C278E4C00B2F492 /* Resources */,
			);
			buildRules = (
			);
			dependencies = (
			);
			name = WavyleafResearch;
			productName = WavyleafResearch;
			productReference = 3361259C1C278E4C00B2F492 /* WavyleafResearch.app */;
			productType = "com.apple.product-type.application";
		};
/* End PBXNativeTarget section */

/* Begin PBXProject section */
		336125941C278E4C00B2F492 /* Project object */ = {
			isa = PBXProject;
			attributes = {
				LastSwiftUpdateCheck = 0720;
				LastUpgradeCheck = 0720;
				ORGANIZATIONNAME = "Jal Irani";
				TargetAttributes = {
					3361259B1C278E4C00B2F492 = {
						CreatedOnToolsVersion = 6.4;
					};
				};
			};
			buildConfigurationList = 336125971C278E4C00B2F492 /* Build configuration list for PBXProject "WavyleafResearch" */;
			compatibilityVersion = "Xcode 3.2";
			developmentRegion = English;
			hasScannedForEncodings = 0;
			knownRegions = (
				en,
				Base,
			);
			mainGroup = 336125931C278E4C00B2F492;
			productRefGroup = 3361259D1C278E4C00B2F492 /* Products */;
			projectDirPath = "";
			projectReferences = (
				{
					ProductGroup = 336125C21C278E7600B2F492 /* Products */;
					ProjectRef = 336125C11C278E7600B2F492 /* ResearchKit.xcodeproj */;
				},
			);
			projectRoot = "";
			targets = (
				3361259B1C278E4C00B2F492 /* WavyleafResearch */,
			);
		};
/* End PBXProject section */

/* Begin PBXReferenceProxy section */
		336125C81C278E7600B2F492 /* ResearchKit.framework */ = {
			isa = PBXReferenceProxy;
			fileType = wrapper.framework;
			path = ResearchKit.framework;
			remoteRef = 336125C71C278E7600B2F492 /* PBXContainerItemProxy */;
			sourceTree = BUILT_PRODUCTS_DIR;
		};
		336125CA1C278E7600B2F492 /* ResearchKitTests.xctest */ = {
			isa = PBXReferenceProxy;
			fileType = wrapper.cfbundle;
			path = ResearchKitTests.xctest;
			remoteRef = 336125C91C278E7600B2F492 /* PBXContainerItemProxy */;
			sourceTree = BUILT_PRODUCTS_DIR;
		};
/* End PBXReferenceProxy section */

/* Begin PBXResourcesBuildPhase section */
		3361259A1C278E4C00B2F492 /* Resources */ = {
			isa = PBXResourcesBuildPhase;
			buildActionMask = 2147483647;
			files = (
				336125A71C278E4C00B2F492 /* Main.storyboard in Resources */,
				336125AC1C278E4C00B2F492 /* LaunchScreen.xib in Resources */,
				336125A91C278E4C00B2F492 /* Images.xcassets in Resources */,
			);
			runOnlyForDeploymentPostprocessing = 0;
		};
/* End PBXResourcesBuildPhase section */

/* Begin PBXSourcesBuildPhase section */
		336125981C278E4C00B2F492 /* Sources */ = {
			isa = PBXSourcesBuildPhase;
			buildActionMask = 2147483647;
			files = (
				336125A21C278E4C00B2F492 /* AppDelegate.swift in Sources */,
				336125D31C2790E300B2F492 /* ConsentTask.swift in Sources */,
				336125CC1C278EDF00B2F492 /* ResearchViewController.swift in Sources */,
				336125D01C27907300B2F492 /* SurveyTask.swift in Sources */,
				336125D51C27911300B2F492 /* ConsentDocument.swift in Sources */,
			);
			runOnlyForDeploymentPostprocessing = 0;
		};
/* End PBXSourcesBuildPhase section */

/* Begin PBXVariantGroup section */
		336125A51C278E4C00B2F492 /* Main.storyboard */ = {
			isa = PBXVariantGroup;
			children = (
				336125A61C278E4C00B2F492 /* Base */,
			);
			name = Main.storyboard;
			sourceTree = "<group>";
		};
		336125AA1C278E4C00B2F492 /* LaunchScreen.xib */ = {
			isa = PBXVariantGroup;
			children = (
				336125AB1C278E4C00B2F492 /* Base */,
			);
			name = LaunchScreen.xib;
			sourceTree = "<group>";
		};
/* End PBXVariantGroup section */

/* Begin XCBuildConfiguration section */
		336125B91C278E4C00B2F492 /* Debug */ = {
			isa = XCBuildConfiguration;
			buildSettings = {
				ALWAYS_SEARCH_USER_PATHS = NO;
				CLANG_CXX_LANGUAGE_STANDARD = "gnu++0x";
				CLANG_CXX_LIBRARY = "libc++";
				CLANG_ENABLE_MODULES = YES;
				CLANG_ENABLE_OBJC_ARC = YES;
				CLANG_WARN_BOOL_CONVERSION = YES;
				CLANG_WARN_CONSTANT_CONVERSION = YES;
				CLANG_WARN_DIRECT_OBJC_ISA_USAGE = YES_ERROR;
				CLANG_WARN_EMPTY_BODY = YES;
				CLANG_WARN_ENUM_CONVERSION = YES;
				CLANG_WARN_INT_CONVERSION = YES;
				CLANG_WARN_OBJC_ROOT_CLASS = YES_ERROR;
				CLANG_WARN_UNREACHABLE_CODE = YES;
				CLANG_WARN__DUPLICATE_METHOD_MATCH = YES;
				"CODE_SIGN_IDENTITY[sdk=iphoneos*]" = "iPhone Developer";
				COPY_PHASE_STRIP = NO;
				DEBUG_INFORMATION_FORMAT = "dwarf-with-dsym";
				ENABLE_STRICT_OBJC_MSGSEND = YES;
				ENABLE_TESTABILITY = YES;
				GCC_C_LANGUAGE_STANDARD = gnu99;
				GCC_DYNAMIC_NO_PIC = NO;
				GCC_NO_COMMON_BLOCKS = YES;
				GCC_OPTIMIZATION_LEVEL = 0;
				GCC_PREPROCESSOR_DEFINITIONS = (
					"DEBUG=1",
					"$(inherited)",
				);
				GCC_SYMBOLS_PRIVATE_EXTERN = NO;
				GCC_WARN_64_TO_32_BIT_CONVERSION = YES;
				GCC_WARN_ABOUT_RETURN_TYPE = YES_ERROR;
				GCC_WARN_UNDECLARED_SELECTOR = YES;
				GCC_WARN_UNINITIALIZED_AUTOS = YES_AGGRESSIVE;
				GCC_WARN_UNUSED_FUNCTION = YES;
				GCC_WARN_UNUSED_VARIABLE = YES;
				IPHONEOS_DEPLOYMENT_TARGET = 8.4;
				MTL_ENABLE_DEBUG_INFO = YES;
				ONLY_ACTIVE_ARCH = YES;
				SDKROOT = iphoneos;
				SWIFT_OPTIMIZATION_LEVEL = "-Onone";
				TARGETED_DEVICE_FAMILY = "1,2";
			};
			name = Debug;
		};
		336125BA1C278E4C00B2F492 /* Release */ = {
			isa = XCBuildConfiguration;
			buildSettings = {
				ALWAYS_SEARCH_USER_PATHS = NO;
				CLANG_CXX_LANGUAGE_STANDARD = "gnu++0x";
				CLANG_CXX_LIBRARY = "libc++";
				CLANG_ENABLE_MODULES = YES;
				CLANG_ENABLE_OBJC_ARC = YES;
				CLANG_WARN_BOOL_CONVERSION = YES;
				CLANG_WARN_CONSTANT_CONVERSION = YES;
				CLANG_WARN_DIRECT_OBJC_ISA_USAGE = YES_ERROR;
				CLANG_WARN_EMPTY_BODY = YES;
				CLANG_WARN_ENUM_CONVERSION = YES;
				CLANG_WARN_INT_CONVERSION = YES;
				CLANG_WARN_OBJC_ROOT_CLASS = YES_ERROR;
				CLANG_WARN_UNREACHABLE_CODE = YES;
				CLANG_WARN__DUPLICATE_METHOD_MATCH = YES;
				"CODE_SIGN_IDENTITY[sdk=iphoneos*]" = "iPhone Developer";
				COPY_PHASE_STRIP = NO;
				DEBUG_INFORMATION_FORMAT = "dwarf-with-dsym";
				ENABLE_NS_ASSERTIONS = NO;
				ENABLE_STRICT_OBJC_MSGSEND = YES;
				GCC_C_LANGUAGE_STANDARD = gnu99;
				GCC_NO_COMMON_BLOCKS = YES;
				GCC_WARN_64_TO_32_BIT_CONVERSION = YES;
				GCC_WARN_ABOUT_RETURN_TYPE = YES_ERROR;
				GCC_WARN_UNDECLARED_SELECTOR = YES;
				GCC_WARN_UNINITIALIZED_AUTOS = YES_AGGRESSIVE;
				GCC_WARN_UNUSED_FUNCTION = YES;
				GCC_WARN_UNUSED_VARIABLE = YES;
				IPHONEOS_DEPLOYMENT_TARGET = 8.4;
				MTL_ENABLE_DEBUG_INFO = NO;
				SDKROOT = iphoneos;
				TARGETED_DEVICE_FAMILY = "1,2";
				VALIDATE_PRODUCT = YES;
			};
			name = Release;
		};
		336125BC1C278E4C00B2F492 /* Debug */ = {
			isa = XCBuildConfiguration;
			buildSettings = {
				ASSETCATALOG_COMPILER_APPICON_NAME = AppIcon;
				INFOPLIST_FILE = WavyleafResearch/Info.plist;
				LD_RUNPATH_SEARCH_PATHS = "$(inherited) @executable_path/Frameworks";
				PRODUCT_BUNDLE_IDENTIFIER = "edu.Towson.$(PRODUCT_NAME:rfc1034identifier)";
				PRODUCT_NAME = "$(TARGET_NAME)";
			};
			name = Debug;
		};
		336125BD1C278E4C00B2F492 /* Release */ = {
			isa = XCBuildConfiguration;
			buildSettings = {
				ASSETCATALOG_COMPILER_APPICON_NAME = AppIcon;
				INFOPLIST_FILE = WavyleafResearch/Info.plist;
				LD_RUNPATH_SEARCH_PATHS = "$(inherited) @executable_path/Frameworks";
				PRODUCT_BUNDLE_IDENTIFIER = "edu.Towson.$(PRODUCT_NAME:rfc1034identifier)";
				PRODUCT_NAME = "$(TARGET_NAME)";
			};
			name = Release;
		};
/* End XCBuildConfiguration section */

/* Begin XCConfigurationList section */
		336125971C278E4C00B2F492 /* Build configuration list for PBXProject "WavyleafResearch" */ = {
			isa = XCConfigurationList;
			buildConfigurations = (
				336125B91C278E4C00B2F492 /* Debug */,
				336125BA1C278E4C00B2F492 /* Release */,
			);
			defaultConfigurationIsVisible = 0;
			defaultConfigurationName = Release;
		};
		336125BB1C278E4C00B2F492 /* Build configuration list for PBXNativeTarget "WavyleafResearch" */ = {
			isa = XCConfigurationList;
			buildConfigurations = (
				336125BC1C278E4C00B2F492 /* Debug */,
				336125BD1C278E4C00B2F492 /* Release */,
			);
			defaultConfigurationIsVisible = 0;
			defaultConfigurationName = Release;
		};
/* End XCConfigurationList section */
	};
	rootObject = 336125941C278E4C00B2F492 /* Project object */;
}
